schema: '2.0'
stages:
  train:
    cmd: python main_pipeline.py --config configs/train.yaml
    deps:
    - path: configs/train.yaml
      hash: md5
      md5: 0f7dd58c3140f35843c7f4f98bf18380
      size: 1150
    - path: data/raw/
      hash: md5
      md5: b9fe4e12699ab1747eb33b56fb296530.dir
      size: 783666357
      nfiles: 6
    outs:
    - path: models/catclf.pkl
      hash: md5
      md5: 876170327e21a142be850acc114524be
      size: 20455
    - path: models/metrics.json
      hash: md5
      md5: 442f02a82435e9ec7b1378ba7ed5cfbd
      size: 165
